{
  "name": "email-sender",
  "version": "1.0.0",
  "lockfileVersion": 2,
  "requires": true,
  "packages": {
    "": {
      "name": "email-sender",
      "version": "1.0.0",
      "license": "ISC",
      "dependencies": {
        "smtp2": "^0.0.5"
      }
    },
    "node_modules/mime2": {
      "version": "0.0.11",
      "resolved": "https://registry.npmjs.org/mime2/-/mime2-0.0.11.tgz",
      "integrity": "sha512-Ch599Y8U4vUgG9AaQgLEnIdXRRLoZPfjAdWFDLYePBEJS1nsS43H2pzbZn0u8lkbYx+yInuKxLsUEgM3fa9ZLQ=="
    },
    "node_modules/smtp2": {
      "version": "0.0.5",
      "resolved": "https://registry.npmjs.org/smtp2/-/smtp2-0.0.5.tgz",
      "integrity": "sha512-MknMAtJzD4ZThEfexNMX9uhS/CKSCgFz+lqA14RUe9UqUWO9ClPUs8LAakZtOHO+hmoX0AikXJOahpvNOGyBWQ==",
      "dependencies": {
        "mime2": "latest"
      },
      "bin": {
        "smtp2": "bin/smtp.js"
      }
    }
  },
  "dependencies": {
    "mime2": {
      "version": "0.0.11",
      "resolved": "https://registry.npmjs.org/mime2/-/mime2-0.0.11.tgz",
      "integrity": "sha512-Ch599Y8U4vUgG9AaQgLEnIdXRRLoZPfjAdWFDLYePBEJS1nsS43H2pzbZn0u8lkbYx+yInuKxLsUEgM3fa9ZLQ=="
    },
    "smtp2": {
      "version": "0.0.5",
      "resolved": "https://registry.npmjs.org/smtp2/-/smtp2-0.0.5.tgz",
      "integrity": "sha512-MknMAtJzD4ZThEfexNMX9uhS/CKSCgFz+lqA14RUe9UqUWO9ClPUs8LAakZtOHO+hmoX0AikXJOahpvNOGyBWQ==",
      "requires": {
        "mime2": "latest"
      }
    }
  }
}
